{
    "_meta": {
        "hash": {
            "sha256": "93c1c4fadbff6b674c356fa0ab43b7134a9f9f7dbc80d9cdfe894fd69e3c2487"
        },
        "pipfile-spec": 6,
        "requires": {
            "python_version": "3.7"
        },
        "sources": [
            {
                "name": "pypi",
                "url": "https://pypi.org/simple",
                "verify_ssl": true
            }
        ]
    },
    "default": {
        "cffi": {
            "hashes": [
                "sha256:0b49274afc941c626b605fb59b59c3485c17dc776dc3cc7cc14aca74cc19cc42",
                "sha256:0e3ea92942cb1168e38c05c1d56b0527ce31f1a370f6117f1d490b8dcd6b3a04",
                "sha256:135f69aecbf4517d5b3d6429207b2dff49c876be724ac0c8bf8e1ea99df3d7e5",
                "sha256:19db0cdd6e516f13329cba4903368bff9bb5a9331d3410b1b448daaadc495e54",
                "sha256:2781e9ad0e9d47173c0093321bb5435a9dfae0ed6a762aabafa13108f5f7b2ba",
                "sha256:291f7c42e21d72144bb1c1b2e825ec60f46d0a7468f5346841860454c7aa8f57",
                "sha256:2c5e309ec482556397cb21ede0350c5e82f0eb2621de04b2633588d118da4396",
                "sha256:2e9c80a8c3344a92cb04661115898a9129c074f7ab82011ef4b612f645939f12",
                "sha256:32a262e2b90ffcfdd97c7a5e24a6012a43c61f1f5a57789ad80af1d26c6acd97",
                "sha256:3c9fff570f13480b201e9ab69453108f6d98244a7f495e91b6c654a47486ba43",
                "sha256:415bdc7ca8c1c634a6d7163d43fb0ea885a07e9618a64bda407e04b04333b7db",
                "sha256:42194f54c11abc8583417a7cf4eaff544ce0de8187abaf5d29029c91b1725ad3",
                "sha256:4424e42199e86b21fc4db83bd76909a6fc2a2aefb352cb5414833c030f6ed71b",
                "sha256:4a43c91840bda5f55249413037b7a9b79c90b1184ed504883b72c4df70778579",
                "sha256:599a1e8ff057ac530c9ad1778293c665cb81a791421f46922d80a86473c13346",
                "sha256:5c4fae4e9cdd18c82ba3a134be256e98dc0596af1e7285a3d2602c97dcfa5159",
                "sha256:5ecfa867dea6fabe2a58f03ac9186ea64da1386af2159196da51c4904e11d652",
                "sha256:62f2578358d3a92e4ab2d830cd1c2049c9c0d0e6d3c58322993cc341bdeac22e",
                "sha256:6471a82d5abea994e38d2c2abc77164b4f7fbaaf80261cb98394d5793f11b12a",
                "sha256:6d4f18483d040e18546108eb13b1dfa1000a089bcf8529e30346116ea6240506",
                "sha256:71a608532ab3bd26223c8d841dde43f3516aa5d2bf37b50ac410bb5e99053e8f",
                "sha256:74a1d8c85fb6ff0b30fbfa8ad0ac23cd601a138f7509dc617ebc65ef305bb98d",
                "sha256:7b93a885bb13073afb0aa73ad82059a4c41f4b7d8eb8368980448b52d4c7dc2c",
                "sha256:7d4751da932caaec419d514eaa4215eaf14b612cff66398dd51129ac22680b20",
                "sha256:7f627141a26b551bdebbc4855c1157feeef18241b4b8366ed22a5c7d672ef858",
                "sha256:8169cf44dd8f9071b2b9248c35fc35e8677451c52f795daa2bb4643f32a540bc",
                "sha256:aa00d66c0fab27373ae44ae26a66a9e43ff2a678bf63a9c7c1a9a4d61172827a",
                "sha256:ccb032fda0873254380aa2bfad2582aedc2959186cce61e3a17abc1a55ff89c3",
                "sha256:d754f39e0d1603b5b24a7f8484b22d2904fa551fe865fd0d4c3332f078d20d4e",
                "sha256:d75c461e20e29afc0aee7172a0950157c704ff0dd51613506bd7d82b718e7410",
                "sha256:dcd65317dd15bc0451f3e01c80da2216a31916bdcffd6221ca1202d96584aa25",
                "sha256:e570d3ab32e2c2861c4ebe6ffcad6a8abf9347432a37608fe1fbd157b3f0036b",
                "sha256:fd43a88e045cf992ed09fa724b5315b790525f2676883a6ea64e3263bae6549d"
            ],
            "version": "==1.13.2"
        },
        "pycparser": {
            "hashes": [
                "sha256:a988718abfad80b6b157acce7bf130a30876d27603738ac39f140993246b25b3"
            ],
            "version": "==2.19"
        },
        "pycurl": {
            "hashes": [
                "sha256:6f08330c5cf79fa8ef68b9912b9901db7ffd34b63e225dce74db56bb21deda8e"
            ],
            "index": "pypi",
            "version": "==7.43.0.3"
        },
        "pygit2": {
            "hashes": [
                "sha256:1d3612aec07e351e801b95ad02584e7964a011aee3d3e0c77f6ce44941bd82c8",
                "sha256:478ef2f8d5e9f8a230f8c76d2ebfdf8324764d537224d2ad947e1b3d5b5ef52f",
                "sha256:4abf6feea2cdda63503abc552ed281d1dac622d51d44076135d76a1e7de36512",
                "sha256:4d8c3fbbf2e5793a9984681a94e6ac2f1bc91a92cbac762dbdfbea296b917f86",
                "sha256:646844b9178fa710da311b75fae2ffe5c51f18da375b9e93a0b3191324b1eac8",
                "sha256:6482ee9acc572768338b7364ed0df17c3ac10c5cc3a1c60492b5d025e2fcaec2",
                "sha256:6f44ee84fbe9b0b69f018dbe187d01a1949ab33f2cb5844d87a1929ccbd2b310",
                "sha256:754fcbc7fa5e2766e2c10f14a8fe605eafee3e6f700cc63093cdee6f02469d15",
                "sha256:77b6c288e020f323e3345310b5a99bc12d68d719765c2dc588fd456780d95d9e",
                "sha256:7d8a0abfc85c79d6bcd5707046616a93d33b819e1043cfb9a08509ca40336934",
                "sha256:90450f825b5d5e0f32b1daa4997435b1a434cd361d31a5f675db3954efb02a53",
                "sha256:a75ca9eba1fb5f8a10bca7294ec22f0b30e0f62b25a6eccd993405ca5ceeb84b",
                "sha256:a75e55ab3e67430474938e5286dbb2597976715c0bfcb1747e89be6d6092f8aa",
                "sha256:be5a472cbd400099be4cc4c14d6f291d9d64edcc06a70239deae6a81c536e389",
                "sha256:cdfe326c51c2b431dd9e4f5992a7d26e36d46091cab2b11b3d34f2fbb10bed34",
                "sha256:ceaedf1c8ea2dab34bab0b08d233d7b4397a11674a560f07bd8155b824774028",
                "sha256:d389e1aa81fffc55262a686d9f1dfd5ea245d441fdc37b9c7e177603aecfb712",
                "sha256:d3a1b98208c42035fff54ed435f5ea9f0be9064f0307dbb58a3f006440fd8088",
                "sha256:d4c84cd7c5a3d71757933d190018f5fc131aeb392d304ba9c505e9e95473f935",
                "sha256:e2b3643e8f91b47180f9d98312eb057c55b78386d120a1a6e8c9604980efedc5",
                "sha256:ee54ebba24ac5d628da6d3f79086a8046d8b0038f08a8e84df934db316f3eab0",
                "sha256:eff55e52cbfc0d298197dcc3bb55fadd9d43bf31cd47211c249d04c496672911",
                "sha256:f1d99e6f67438950d44f70e12469088239288f458fa8b660da6f9f1c7138ef22"
            ],
            "index": "pypi",
            "version": "==0.28.2"
        },
        "pyside2": {
            "hashes": [
                "sha256:589b90944c24046d31bf76694590a600d59d20130015086491b793a81753629a",
                "sha256:63cc845434388b398b79b65f7b5312b9b5348fbc772d84092c9245efbf341197",
                "sha256:7c57fe60ed57a3a8b95d9163abca9caa803a1470f29b40bff8ef4103b97a96c8",
                "sha256:7c61a6883f3474939097b9dabc80f028887046be003ce416da1b3565a08d1f92",
                "sha256:ed6d22c7a3a99f480d4c9348bcced97ef7bc0c9d353ad3665ae705e8eb61feb5",
                "sha256:ede8ed6e7021232184829d16614eb153f188ea250862304eac35e04b2bd0120c"
            ],
            "index": "pypi",
            "version": "==5.13.2"
        },
        "ruamel-yaml": {
            "hashes": [
                "sha256:0db639b1b2742dae666c6fc009b8d1931ef15c9276ef31c0673cc6dcf766cf40"
            ],
            "index": "pypi",
            "version": "==0.16.5"
        },
        "ruamel.yaml.clib": {
            "hashes": [
                "sha256:1e77424825caba5553bbade750cec2277ef130647d685c2b38f68bc03453bac6",
                "sha256:392b7c371312abf27fb549ec2d5e0092f7ef6e6c9f767bfb13e83cb903aca0fd",
                "sha256:4d55386129291b96483edcb93b381470f7cd69f97585829b048a3d758d31210a",
                "sha256:550168c02d8de52ee58c3d8a8193d5a8a9491a5e7b2462d27ac5bf63717574c9",
                "sha256:57933a6986a3036257ad7bf283529e7c19c2810ff24c86f4a0cfeb49d2099919",
                "sha256:615b0396a7fad02d1f9a0dcf9f01202bf9caefee6265198f252c865f4227fcc6",
                "sha256:77556a7aa190be9a2bd83b7ee075d3df5f3c5016d395613671487e79b082d784",
                "sha256:7aee724e1ff424757b5bd8f6c5bbdb033a570b2b4683b17ace4dbe61a99a657b",
                "sha256:8073c8b92b06b572e4057b583c3d01674ceaf32167801fe545a087d7a1e8bf52",
                "sha256:9c6d040d0396c28d3eaaa6cb20152cb3b2f15adf35a0304f4f40a3cf9f1d2448",
                "sha256:a0ff786d2a7dbe55f9544b3f6ebbcc495d7e730df92a08434604f6f470b899c5",
                "sha256:b1b7fcee6aedcdc7e62c3a73f238b3d080c7ba6650cd808bce8d7761ec484070",
                "sha256:b66832ea8077d9b3f6e311c4a53d06273db5dc2db6e8a908550f3c14d67e718c",
                "sha256:d0d3ac228c9bbab08134b4004d748cf9f8743504875b3603b3afbb97e3472947",
                "sha256:d10e9dd744cf85c219bf747c75194b624cc7a94f0c80ead624b06bfa9f61d3bc",
                "sha256:ea4362548ee0cbc266949d8a441238d9ad3600ca9910c3fe4e82ee3a50706973",
                "sha256:ed5b3698a2bb241b7f5cbbe277eaa7fe48b07a58784fba4f75224fd066d253ad",
                "sha256:f9dcc1ae73f36e8059589b601e8e4776b9976effd76c21ad6a855a74318efd6e"
            ],
            "markers": "platform_python_implementation == 'CPython' and python_version < '3.8'",
            "version": "==0.2.0"
        },
        "shiboken2": {
            "hashes": [
                "sha256:5e84a4b4e7ab08bb5db0a8168e5d0316fbf3c25b788012701a82079faadfb19b",
                "sha256:7c766c4160636a238e0e4430e2f40b504b13bcc4951902eb78cd5c971f26c898",
                "sha256:81fa9b288c6c4b4c91220fcca2002eadb48fc5c3238e8bd88e982e00ffa77c53",
                "sha256:ca08a3c95b1b20ac2b243b7b06379609bd73929dbc27b28c01415feffe3bcea1",
                "sha256:e2f72b5cfdb8b48bdb55bda4b42ec7d36d1bce0be73d6d7d4a358225d6fb5f25",
                "sha256:e6543506cb353d417961b9ec3c6fc726ec2f72eeab609dc88943c2e5cb6d6408"
            ],
            "version": "==5.13.2"
        },
        "six": {
            "hashes": [
                "sha256:1f1b7d42e254082a9db6279deae68afb421ceba6158efa6131de7b3003ee93fd",
                "sha256:30f610279e8b2578cab6db20741130331735c781b56053c59c4076da27f06b66"
            ],
            "version": "==1.13.0"
        },
        "urlgrabber": {
            "hashes": [
                "sha256:075af8afabae6362482d254e5ac3ffa595d1766117b684e53d9c25c2e937e139"
            ],
            "index": "pypi",
            "version": "==4.1.0"
        }
    },
    "develop": {}
}
